
Microsoft Visual Studio Solution File, Format Version 12.00
# Visual Studio Version 16
VisualStudioVersion = 16.0.33214.272
MinimumVisualStudioVersion = 10.0.40219.1
Project("{FAE04EC0-301F-11D3-BF4B-00C04F79EFBC}") = "WpfApp1", "WpfApp1\WpfApp1.csproj", "{CDB0B2E1-F5EF-4F8F-9771-5B2921525E4F}"
EndProject
Global
	GlobalSection(SolutionConfigurationPlatforms) = preSolution
		Debug|Any CPU = Debug|Any CPU
		Release|Any CPU = Release|Any CPU
	EndGlobalSection
	GlobalSection(ProjectConfigurationPlatforms) = postSolution
		{CDB0B2E1-F5EF-4F8F-9771-5B2921525E4F}.Debug|Any CPU.ActiveCfg = Debug|Any CPU
		{CDB0B2E1-F5EF-4F8F-9771-5B2921525E4F}.Debug|Any CPU.Build.0 = Debug|Any CPU
		{CDB0B2E1-F5EF-4F8F-9771-5B2921525E4F}.Release|Any CPU.ActiveCfg = Release|Any CPU
		{CDB0B2E1-F5EF-4F8F-9771-5B2921525E4F}.Release|Any CPU.Build.0 = Release|Any CPU
	EndGlobalSection
	GlobalSection(SolutionProperties) = preSolution
		HideSolutionNode = FALSE
	EndGlobalSection
	GlobalSection(ExtensibilityGlobals) = postSolution
		SolutionGuid = {FA471F2D-3AAD-41E5-BA74-DABA031DCB12}
	EndGlobalSection
EndGlobal
